{
  "version": 4,
  "terraform_version": "1.3.9",
  "serial": 29,
  "lineage": "1c6d6302-276f-f9b6-af06-afcf4fefab09",
  "outputs": {},
  "resources": [
    {
      "mode": "data",
      "type": "google_client_config",
      "name": "access_token",
      "provider": "provider[\"registry.terraform.io/hashicorp/google\"]",
      "instances": [
        {
          "schema_version": 0,
          "attributes": {
            "access_token": "ya29.c.b0Aaekm1JyvEcqfYUnxZZvoo0YhEldTLX06r31nwEXIbFPHuzWFZGIhMITDJOuFRyFL7eDE8vzbX_yMCfj6PkvCpxmSi6AqxY3pKDFKmGnuZLciPnBiCRdnKoBNjjBxjnVlkgdwlbnpNC2VvXFIx8S3V4eb9tGKCFxIGWFXZFbsw8jHuQzY_JEF0hYoAbzeHqlUdlT7bqenORgTWZNiFMj79nmbIr09NwE232AtRqigait2rsW0cFnmgpMn0RMSwdSvXp2Qkeo_ZbimU9--lZJnV5WrsBJaoJ1naU_XfVVcjkUfRxWwSOk8f62si_ewui5Jwpv1krUaeUM5M5d893u3mvUBOdS9ypUctyMQ-JJQweIMJ92w2t61n1fcU4l-YbkjJJ2rM_Bh13BgjW-jbJ-dIQm_rmB4tXRi2-Mf0hSjobfzzh2j8oZy2vbybkJoyjX-rwlqrfhVpvcw7q6M7dqwJnUbfnS0vWFxo0O0jYZdhiIi51f2RJJ2W6pOyiq-WswtobZsSs2zSJh4m9e5aBxkjYySoe-rnZuOQrjv1zqQtmOFX2ub6mJv-gxnxX3RmBQrY5OU8qV5xkMoIqsgWcFO8QdM8B0ss-ttZMVdtf-9m7UUt2-thwg3hhgmcRv9y0aV_UQXo__lZt12pRx-iqwFIYg98ta1zaOidw9Vqutpx16aYVVdv1d6axJl0aBvBsRpro-OfJbvtW2x0m0Z44ivsuS1F-eyI8UBlYY08n0lQe4wMp4uQVeV1t2BQxyd-dF4sc-2Q3xO0fU1Qo0j_Bl72b93B4pn0u_OYpu-BwibXqjw4O-9_I3V6RRnW2Vpd-iwVfuQ5zt6M1Zkdh5iYv2JWRBQ9ygQBR2nQfzc5ZzjlRVytkzMzBw_lBtkBduy_eQQFQvUnIbfg9O-xeU_V2gRfwd6qyU-sn2vSySX4Rfb64gveirFWfVygfROfu1WwU7Ygg38o07j4cVpB3fY2gxswmOmrku3VJen2BzzFs40kn5rfyJBegqa5W",
            "id": "projects/delta-geode-378123/regions/us-central1/zones/",
            "project": "delta-geode-378123",
            "region": "us-central1",
            "zone": ""
          },
          "sensitive_attributes": []
        }
      ]
    },
    {
      "mode": "managed",
      "type": "google_container_cluster",
      "name": "autopilot",
      "provider": "provider[\"registry.terraform.io/hashicorp/google\"]",
      "instances": [
        {
          "schema_version": 1,
          "attributes": {
            "addons_config": [
              {
                "cloudrun_config": [],
                "config_connector_config": [],
                "dns_cache_config": [],
                "gce_persistent_disk_csi_driver_config": [
                  {
                    "enabled": true
                  }
                ],
                "gcp_filestore_csi_driver_config": [],
                "gke_backup_agent_config": [],
                "horizontal_pod_autoscaling": [],
                "http_load_balancing": [],
                "network_policy_config": [
                  {
                    "disabled": true
                  }
                ]
              }
            ],
            "authenticator_groups_config": [],
            "binary_authorization": [
              {
                "enabled": false,
                "evaluation_mode": ""
              }
            ],
            "cluster_autoscaling": [
              {
                "auto_provisioning_defaults": [],
                "enabled": false,
                "resource_limits": []
              }
            ],
            "cluster_ipv4_cidr": "10.80.0.0/14",
            "confidential_nodes": [],
            "cost_management_config": [],
            "database_encryption": [
              {
                "key_name": "",
                "state": "DECRYPTED"
              }
            ],
            "datapath_provider": "",
            "default_max_pods_per_node": null,
            "default_snat_status": [
              {
                "disabled": false
              }
            ],
            "description": "",
            "dns_config": [],
            "enable_autopilot": false,
            "enable_binary_authorization": false,
            "enable_intranode_visibility": false,
            "enable_kubernetes_alpha": false,
            "enable_l4_ilb_subsetting": false,
            "enable_legacy_abac": false,
            "enable_shielded_nodes": true,
            "enable_tpu": false,
            "endpoint": "35.202.183.17",
            "gateway_api_config": [],
            "id": "projects/delta-geode-378123/locations/us-central1/clusters/autopilot-cluster-wideops-12",
            "initial_node_count": 1,
            "ip_allocation_policy": [],
            "label_fingerprint": "a9dc16a7",
            "location": "us-central1",
            "logging_config": [
              {
                "enable_components": [
                  "SYSTEM_COMPONENTS",
                  "WORKLOADS"
                ]
              }
            ],
            "logging_service": "logging.googleapis.com/kubernetes",
            "maintenance_policy": [],
            "master_auth": [
              {
                "client_certificate": "",
                "client_certificate_config": [
                  {
                    "issue_client_certificate": false
                  }
                ],
                "client_key": "",
                "cluster_ca_certificate": "LS0tLS1CRUdJTiBDRVJUSUZJQ0FURS0tLS0tCk1JSUVMRENDQXBTZ0F3SUJBZ0lRZUtMS0xqclF3ZllyaXVNZVBuRS9XVEFOQmdrcWhraUc5dzBCQVFzRkFEQXYKTVMwd0t3WURWUVFERXlRd01XRTNOMlkxTmkweU9UTmpMVFEwWldVdFltWTNNeTFtT0RJM09Ua3lZemczT1RJdwpJQmNOTWpNd01qRTVNVE15TWpJeVdoZ1BNakExTXpBeU1URXhOREl5TWpKYU1DOHhMVEFyQmdOVkJBTVRKREF4CllUYzNaalUyTFRJNU0yTXRORFJsWlMxaVpqY3pMV1k0TWpjNU9USmpPRGM1TWpDQ0FhSXdEUVlKS29aSWh2Y04KQVFFQkJRQURnZ0dQQURDQ0FZb0NnZ0dCQUxtV2NxVTQyQVpVQ2FWNndPaTVkQ1BpVW9RQlYwWjVSNmREL29hZQpTTzBla05LOEdBWS9QYWtUbGNoTzJiVW9tQS9JRWZ4R3VsU3J5UXdDWjlZaDZTWU5jbnAxOG1nWGJWZFlOTEJkCkhEYWFHTUJneUdNQUhKb0VnWWEreUdiYjUvVDZseFpydjlNcHRDdDFnWVlFOWZrREtINUJVcmFiUFBROUZtWlgKbi9JMFpCRFp4UFhMeVA4dUpoTnNSYkdrcWFZQzFsdjk5VUpqTUljVU00VjMydUZQTUQ0RExZbk42VjYyYzU0KwpNcHdBS2FZNUNOOXlVc3RqTThyV1dldy9jQ2NmQ2tpQjcxdHRKVHRWaE5uTnNzZEJKQmgvUWxMK1AvN2dVTm5NCjMvVHNUOUdHUXBaYWFtR21LWFNxT3V2SHdEVHVtYS91Rk9HSTYrK2JOUFlObysrVjFoL0RFeThNMVpvdmd1SnAKazVDVkpHTERjWVFNaXBpYUVCbU9BcTlPdjY2Tm5EOW1WRFVMcU02aEUyblRKWEZ2RklSSkJuT2lsWW03NXVZbApESE9lZi9LQWplbzNrYUJiMmtpdEZ6WkZVNFRRdUVtWTMyK1BrMVJaMUVKMEVNajl4UFpibTQ0VG0ranZPTU43CkxWRlFhYTZjWGZQMXBPcUJ4bTNVd1N4TUF3SURBUUFCbzBJd1FEQU9CZ05WSFE4QkFmOEVCQU1DQWdRd0R3WUQKVlIwVEFRSC9CQVV3QXdFQi96QWRCZ05WSFE0RUZnUVUxaXhkQkpwYUpQS1k2Wm1UQTJKanBLSVB0ZDR3RFFZSgpLb1pJaHZjTkFRRUxCUUFEZ2dHQkFFL2grczFXVlIyZUYzSGZtZzFrV1VzTDU3dGJDYXFjSG44c0dDVkxwUW9QCmc5NDFvdjI1ZG5wdGYyY1ZPanRHTGFJWkY1SC80NTBiRTE0K3QzM2Y1bDdPWkkzLzN6YTZuOVV5ODZmOUtBaVUKcmltVHk4YURRenlIamxuWUFJSHB0NnlWbUNQT2Y1Vkx3SkhDRE9UVUlEN0E5L3RmckVHMW9neHhoTkV0b2FqawpadWlHYmFqRWhkZGxOeERBY2hiS2ltUHY1WW13V09kRk9kVG1iVUR1ckN3cWlQL0U4UFA2UVRlRGg0Ryt0QVBHCllrcENYbWFkU2NsMlpDcFNUYjNWTU9CclFveGtWNTRYMGxRRjZmN3A0T1lncWtqelhtcm9SR2tGVFc4R0dqZXQKZjQ5UDRBWEFjeThrVzlDSnprQXZxb1pwS3Bma1E1c0dxMVZqREpJdmFtSkFXZitRMGNqMTB3MDE4d2J5ZE9FZQpMM1A3RlhUWkk1c3dZQzhrTHY1OFV3RDJhVmZkRlJaL0tzOENib0tHYjk4Y1dNQk9QT2NHaFIrMVVoY0tZWFA2ClljOUdqMDJCK1U2bG80MmZqdElSZUl3OTl1MmFvamlzUnphQWVwVmdxdjlLcXNzWXRWQ3psbVlzQlh2bEhIdUkKREIvNXI1MTlyZThtdUF4N0pobXRqUT09Ci0tLS0tRU5EIENFUlRJRklDQVRFLS0tLS0K"
              }
            ],
            "master_authorized_networks_config": [],
            "master_version": "1.24.9-gke.2000",
            "mesh_certificates": [],
            "min_master_version": null,
            "monitoring_config": [
              {
                "enable_components": [
                  "SYSTEM_COMPONENTS"
                ],
                "managed_prometheus": []
              }
            ],
            "monitoring_service": "monitoring.googleapis.com/kubernetes",
            "name": "autopilot-cluster-wideops-12",
            "network": "projects/delta-geode-378123/global/networks/default",
            "network_policy": [
              {
                "enabled": false,
                "provider": "PROVIDER_UNSPECIFIED"
              }
            ],
            "networking_mode": "ROUTES",
            "node_config": [],
            "node_locations": [
              "us-central1-b",
              "us-central1-c",
              "us-central1-f"
            ],
            "node_pool": [],
            "node_pool_defaults": [
              {
                "node_config_defaults": [
                  {
                    "logging_variant": "DEFAULT"
                  }
                ]
              }
            ],
            "node_version": "1.24.9-gke.2000",
            "notification_config": [
              {
                "pubsub": [
                  {
                    "enabled": false,
                    "filter": [],
                    "topic": ""
                  }
                ]
              }
            ],
            "operation": null,
            "private_cluster_config": [
              {
                "enable_private_endpoint": false,
                "enable_private_nodes": false,
                "master_global_access_config": [
                  {
                    "enabled": false
                  }
                ],
                "master_ipv4_cidr_block": "",
                "peering_name": "",
                "private_endpoint": "10.128.0.8",
                "private_endpoint_subnetwork": "",
                "public_endpoint": "35.202.183.17"
              }
            ],
            "private_ipv6_google_access": "",
            "project": "delta-geode-378123",
            "release_channel": [
              {
                "channel": "REGULAR"
              }
            ],
            "remove_default_node_pool": true,
            "resource_labels": {},
            "resource_usage_export_config": [],
            "self_link": "https://container.googleapis.com/v1/projects/delta-geode-378123/locations/us-central1/clusters/autopilot-cluster-wideops-12",
            "service_external_ips_config": [
              {
                "enabled": false
              }
            ],
            "services_ipv4_cidr": "10.83.240.0/20",
            "subnetwork": "projects/delta-geode-378123/regions/us-central1/subnetworks/default",
            "timeouts": null,
            "tpu_ipv4_cidr_block": "",
            "vertical_pod_autoscaling": [],
            "workload_identity_config": []
          },
          "sensitive_attributes": [],
          "private": "eyJlMmJmYjczMC1lY2FhLTExZTYtOGY4OC0zNDM2M2JjN2M0YzAiOnsiY3JlYXRlIjoyNDAwMDAwMDAwMDAwLCJkZWxldGUiOjI0MDAwMDAwMDAwMDAsInJlYWQiOjI0MDAwMDAwMDAwMDAsInVwZGF0ZSI6MzYwMDAwMDAwMDAwMH0sInNjaGVtYV92ZXJzaW9uIjoiMSJ9"
        }
      ]
    },
    {
      "mode": "managed",
      "type": "kubernetes_horizontal_pod_autoscaler",
      "name": "wordpress",
      "provider": "provider[\"registry.terraform.io/hashicorp/kubernetes\"]",
      "instances": []
    },
    {
      "mode": "managed",
      "type": "kubernetes_ingress",
      "name": "wordpress",
      "provider": "provider[\"registry.terraform.io/hashicorp/kubernetes\"]",
      "instances": []
    },
    {
      "mode": "managed",
      "type": "kubernetes_service",
      "name": "wordpress",
      "provider": "provider[\"registry.terraform.io/hashicorp/kubernetes\"]",
      "instances": [
        {
          "status": "tainted",
          "schema_version": 1,
          "attributes": {
            "id": "default/wordpress",
            "metadata": [
              {
                "annotations": null,
                "generate_name": "",
                "generation": 0,
                "labels": null,
                "name": "wordpress",
                "namespace": "default",
                "resource_version": "",
                "uid": ""
              }
            ],
            "spec": [
              {
                "allocate_load_balancer_node_ports": true,
                "cluster_ip": "",
                "cluster_ips": [],
                "external_ips": null,
                "external_name": "",
                "external_traffic_policy": "",
                "health_check_node_port": 0,
                "internal_traffic_policy": "",
                "ip_families": [],
                "ip_family_policy": "",
                "load_balancer_class": "",
                "load_balancer_ip": "",
                "load_balancer_source_ranges": null,
                "port": [
                  {
                    "app_protocol": "",
                    "name": "http",
                    "node_port": 0,
                    "port": 80,
                    "protocol": "TCP",
                    "target_port": "80"
                  }
                ],
                "publish_not_ready_addresses": false,
                "selector": {
                  "app": "wordpress"
                },
                "session_affinity": "None",
                "session_affinity_config": [],
                "type": "LoadBalancer"
              }
            ],
            "status": null,
            "timeouts": null,
            "wait_for_load_balancer": true
          },
          "sensitive_attributes": [],
          "private": "eyJlMmJmYjczMC1lY2FhLTExZTYtOGY4OC0zNDM2M2JjN2M0YzAiOnsiY3JlYXRlIjo2MDAwMDAwMDAwMDB9LCJzY2hlbWFfdmVyc2lvbiI6IjEifQ==",
          "dependencies": [
            "data.google_client_config.access_token"
          ]
        }
      ]
    }
  ],
  "check_results": null
}
