{
  "version": 4,
  "terraform_version": "1.3.9",
  "serial": 30,
  "lineage": "798786e1-59f2-ff0d-88e1-ad80209dca0a",
  "outputs": {
    "db_name": {
      "value": "wordpress",
      "type": "string"
    },
    "db_password": {
      "value": "r:6LRxz5eYI25cFL",
      "type": "string",
      "sensitive": true
    },
    "db_username": {
      "value": "RB5OWRDj1n",
      "type": "string"
    }
  },
  "resources": [
    {
      "mode": "managed",
      "type": "google_compute_network",
      "name": "vpc",
      "provider": "provider[\"registry.terraform.io/hashicorp/google\"]",
      "instances": [
        {
          "schema_version": 0,
          "attributes": {
            "auto_create_subnetworks": false,
            "delete_default_routes_on_create": false,
            "description": "",
            "enable_ula_internal_ipv6": false,
            "gateway_ipv4": "",
            "id": "projects/wideops-challlenge-dev/global/networks/my-vpc",
            "internal_ipv6_range": "",
            "mtu": 0,
            "name": "my-vpc",
            "project": "wideops-challlenge-dev",
            "routing_mode": "REGIONAL",
            "self_link": "https://www.googleapis.com/compute/v1/projects/wideops-challlenge-dev/global/networks/my-vpc",
            "timeouts": null
          },
          "sensitive_attributes": [],
          "private": "eyJlMmJmYjczMC1lY2FhLTExZTYtOGY4OC0zNDM2M2JjN2M0YzAiOnsiY3JlYXRlIjoxMjAwMDAwMDAwMDAwLCJkZWxldGUiOjEyMDAwMDAwMDAwMDAsInVwZGF0ZSI6MTIwMDAwMDAwMDAwMH19"
        }
      ]
    },
    {
      "mode": "managed",
      "type": "google_compute_subnetwork",
      "name": "vpc-subnet",
      "provider": "provider[\"registry.terraform.io/hashicorp/google\"]",
      "instances": [
        {
          "schema_version": 0,
          "attributes": {
            "creation_timestamp": "2023-02-24T10:00:29.508-08:00",
            "description": "",
            "external_ipv6_prefix": "",
            "fingerprint": null,
            "gateway_address": "10.0.1.1",
            "id": "projects/wideops-challlenge-dev/regions/us-central1/subnetworks/my-vpc-subnet",
            "ip_cidr_range": "10.0.1.0/24",
            "ipv6_access_type": "",
            "ipv6_cidr_range": "",
            "log_config": [],
            "name": "my-vpc-subnet",
            "network": "https://www.googleapis.com/compute/v1/projects/wideops-challlenge-dev/global/networks/my-vpc",
            "private_ip_google_access": true,
            "private_ipv6_google_access": "DISABLE_GOOGLE_ACCESS",
            "project": "wideops-challlenge-dev",
            "purpose": "PRIVATE",
            "region": "us-central1",
            "role": "",
            "secondary_ip_range": [],
            "self_link": "https://www.googleapis.com/compute/v1/projects/wideops-challlenge-dev/regions/us-central1/subnetworks/my-vpc-subnet",
            "stack_type": "IPV4_ONLY",
            "timeouts": null
          },
          "sensitive_attributes": [],
          "private": "eyJlMmJmYjczMC1lY2FhLTExZTYtOGY4OC0zNDM2M2JjN2M0YzAiOnsiY3JlYXRlIjoxMjAwMDAwMDAwMDAwLCJkZWxldGUiOjEyMDAwMDAwMDAwMDAsInVwZGF0ZSI6MTIwMDAwMDAwMDAwMH19",
          "dependencies": [
            "google_compute_network.vpc"
          ]
        }
      ]
    },
    {
      "mode": "managed",
      "type": "google_container_cluster",
      "name": "wordpress",
      "provider": "provider[\"registry.terraform.io/hashicorp/google\"]",
      "instances": [
        {
          "schema_version": 1,
          "attributes": {
            "addons_config": [
              {
                "cloudrun_config": [],
                "config_connector_config": [],
                "dns_cache_config": [],
                "gce_persistent_disk_csi_driver_config": [
                  {
                    "enabled": true
                  }
                ],
                "gcp_filestore_csi_driver_config": [],
                "gke_backup_agent_config": [],
                "horizontal_pod_autoscaling": [],
                "http_load_balancing": [],
                "network_policy_config": [
                  {
                    "disabled": true
                  }
                ]
              }
            ],
            "authenticator_groups_config": [],
            "binary_authorization": [
              {
                "enabled": false,
                "evaluation_mode": ""
              }
            ],
            "cluster_autoscaling": [
              {
                "auto_provisioning_defaults": [],
                "enabled": false,
                "resource_limits": []
              }
            ],
            "cluster_ipv4_cidr": "10.224.0.0/14",
            "confidential_nodes": [],
            "cost_management_config": [],
            "database_encryption": [
              {
                "key_name": "",
                "state": "DECRYPTED"
              }
            ],
            "datapath_provider": "",
            "default_max_pods_per_node": null,
            "default_snat_status": [
              {
                "disabled": false
              }
            ],
            "description": "",
            "dns_config": [],
            "enable_autopilot": false,
            "enable_binary_authorization": false,
            "enable_intranode_visibility": false,
            "enable_kubernetes_alpha": false,
            "enable_l4_ilb_subsetting": false,
            "enable_legacy_abac": false,
            "enable_shielded_nodes": true,
            "enable_tpu": false,
            "endpoint": "35.193.111.243",
            "gateway_api_config": [],
            "id": "projects/wideops-challlenge-dev/locations/us-central1/clusters/wordpress",
            "initial_node_count": 2,
            "ip_allocation_policy": [],
            "label_fingerprint": "a9dc16a7",
            "location": "us-central1",
            "logging_config": [
              {
                "enable_components": [
                  "SYSTEM_COMPONENTS",
                  "WORKLOADS"
                ]
              }
            ],
            "logging_service": "logging.googleapis.com/kubernetes",
            "maintenance_policy": [],
            "master_auth": [
              {
                "client_certificate": "",
                "client_certificate_config": [
                  {
                    "issue_client_certificate": false
                  }
                ],
                "client_key": "",
                "cluster_ca_certificate": "LS0tLS1CRUdJTiBDRVJUSUZJQ0FURS0tLS0tCk1JSUVMRENDQXBTZ0F3SUJBZ0lRTGRtVGpzbHg5dEFqZjVFSjRZMVpTakFOQmdrcWhraUc5dzBCQVFzRkFEQXYKTVMwd0t3WURWUVFERXlRelkySTJZMk5pT0MwMlpEQTFMVFJqTWpjdFlUbGpPQzFoWkRjNFpEQTBNRGt4WkRjdwpJQmNOTWpNd01qSTBNVGd6TmpVNFdoZ1BNakExTXpBeU1UWXhPVE0yTlRoYU1DOHhMVEFyQmdOVkJBTVRKRE5qCllqWmpZMkk0TFRaa01EVXROR015TnkxaE9XTTRMV0ZrTnpoa01EUXdPVEZrTnpDQ0FhSXdEUVlKS29aSWh2Y04KQVFFQkJRQURnZ0dQQURDQ0FZb0NnZ0dCQU5XZ1JHTW0rUHd1ZWs2WkIvUWNLWGtwcFNkTk1jZFdhTmhMZWM1cQpaSnBQWS9UNXpEUWphT3Z4Q3hRbHZOaDQwdnkrRXBBS3dSSGsyZXAxMVN2WUdIQzFUVkJTQytKMjR6M0pzeVB5CksxZXJ3aXR3cHV2RUJIaWdKdk9xeGU5SXBsMHNMSURjaGIwYzdCOGNmYWxlQjZjZ0hUazRsaVpObmVmaklSZHIKOStwbEZLdTg3dEFaRUZqOTVhWFJiRDRVSklwbzlGUkQ1elNvcXM5N2lMK0svZ2xXc0tHNHZLVXVQcmlQcVIzQgpWZXNyZHU3OXdZOEZjaUwrSm9McWI1QVdkaHFaMlpNbVZEa3MyaHdGc0lmS3F2TnVITjNTSndDaVY0NW5sSUYyCjlXVTVKUnV3cTg5MDE0bGxqYlZ0REFmaXFhVExEcURHU3JCWDFzSitLQld3c21jUUVHQkZWUGNqRkdUUFJPRXUKbjY1VmhaNVovZDlFV0lXbWpJdTBHRUhRUTV1TGVVaEJiMEgxakp3NEpHSnVBdTJDSE5Yd205bDVFaXRqV2REUApIcjZicEFQRlY0aUFIL1dkVnAva2tSMVkyVlFHZGEzWXI0NGwwWW44QjhFdW1HTTBMVFpGY09hU21kUjZ6MlBHClVUeVlhbHR1eVU4a01qNVJ0UHJMRkE5WmJRSURBUUFCbzBJd1FEQU9CZ05WSFE4QkFmOEVCQU1DQWdRd0R3WUQKVlIwVEFRSC9CQVV3QXdFQi96QWRCZ05WSFE0RUZnUVVvWXY4SjhkUHJXS1BSNFdXcXVYUnRiY2lEczB3RFFZSgpLb1pJaHZjTkFRRUxCUUFEZ2dHQkFEMjZWM2RUaWFySXAzTUx1NXliN2gybmdGV1J4T1FGTFY2dWdDRjl1Wmg0CkI5UkQ4M3JldVQ2QkcyaVVhaGdsWjRscUhab21JVS9VWExXeHl4Z1h4S3NWM1JvZTh0Rnl4Q0JvTGVBVENxYkoKc1d3VlJTU2o0anlRd0p1bzJ4bmVpNmRtR0tsVjdORVNHVElkVTBxVVZ2OVJjVlNaWFp3MDVySDJJT1NzOGlKMgpCbEZtQXZGSSsrUU94VWVYYWpIUjJXeEsycmxMYmorQ0dGZ3FhOWxOaTlCck1RRFQzcE84eENSYlV4aUVqbTNUCjRUemNXZTFaQXZaTHFrYW5yRjJVZ0UvYmMzQkcySWh1aUtqQmlBZXZmeHNIRm45L01PWUNWSGRrMjNWRVgyek4KOGpFSUFhYjIvL1V2ajdVM1VDbUc3WFIzaVUzelBwUFFvc2E2NVlkT2NtZ1FKUjExOGtOaUJJOWY1TFl1Z1hpTgp6V3hKbFhIMThKMnpBNzg0aUJsMnlvaVk2clFJQTV1b3ZPYWlOUFk1dG9WSFJyRUVzbzFYSE5iYjVNalh1NDM2ClJyUHRWZDhZMHVYY2RuUFFXRENydTVNbm1xdEQ3R3JCeXp5ZDhKM1ZZUXgzbEMzYVYxOVZTd1JoT2k1VGNOc00KL1Q0b3V2WlpieGtCVjVYN05TTThTdz09Ci0tLS0tRU5EIENFUlRJRklDQVRFLS0tLS0K"
              }
            ],
            "master_authorized_networks_config": [],
            "master_version": "1.24.9-gke.2000",
            "mesh_certificates": [],
            "min_master_version": null,
            "monitoring_config": [
              {
                "enable_components": [
                  "SYSTEM_COMPONENTS"
                ],
                "managed_prometheus": []
              }
            ],
            "monitoring_service": "monitoring.googleapis.com/kubernetes",
            "name": "wordpress",
            "network": "projects/wideops-challlenge-dev/global/networks/my-vpc",
            "network_policy": [
              {
                "enabled": false,
                "provider": "PROVIDER_UNSPECIFIED"
              }
            ],
            "networking_mode": "ROUTES",
            "node_config": [
              {
                "boot_disk_kms_key": "",
                "disk_size_gb": 10,
                "disk_type": "pd-balanced",
                "gcfs_config": [],
                "guest_accelerator": [],
                "gvnic": [],
                "image_type": "COS_CONTAINERD",
                "kubelet_config": [],
                "labels": {},
                "linux_node_config": [],
                "local_ssd_count": 0,
                "logging_variant": "DEFAULT",
                "machine_type": "n1-standard-1",
                "metadata": {
                  "disable-legacy-endpoints": "true"
                },
                "min_cpu_platform": "",
                "node_group": "",
                "oauth_scopes": [
                  "https://www.googleapis.com/auth/cloud-platform"
                ],
                "preemptible": false,
                "reservation_affinity": [],
                "resource_labels": {},
                "service_account": "default",
                "shielded_instance_config": [
                  {
                    "enable_integrity_monitoring": true,
                    "enable_secure_boot": false
                  }
                ],
                "spot": false,
                "tags": [],
                "taint": [],
                "workload_metadata_config": []
              }
            ],
            "node_locations": [
              "us-central1-a",
              "us-central1-c",
              "us-central1-f"
            ],
            "node_pool": [
              {
                "autoscaling": [],
                "initial_node_count": 2,
                "instance_group_urls": [
                  "https://www.googleapis.com/compute/v1/projects/wideops-challlenge-dev/zones/us-central1-f/instanceGroupManagers/gke-wordpress-default-pool-91f4054b-grp",
                  "https://www.googleapis.com/compute/v1/projects/wideops-challlenge-dev/zones/us-central1-a/instanceGroupManagers/gke-wordpress-default-pool-bdd7b997-grp",
                  "https://www.googleapis.com/compute/v1/projects/wideops-challlenge-dev/zones/us-central1-c/instanceGroupManagers/gke-wordpress-default-pool-9934c657-grp"
                ],
                "managed_instance_group_urls": [
                  "https://www.googleapis.com/compute/v1/projects/wideops-challlenge-dev/zones/us-central1-f/instanceGroups/gke-wordpress-default-pool-91f4054b-grp",
                  "https://www.googleapis.com/compute/v1/projects/wideops-challlenge-dev/zones/us-central1-a/instanceGroups/gke-wordpress-default-pool-bdd7b997-grp",
                  "https://www.googleapis.com/compute/v1/projects/wideops-challlenge-dev/zones/us-central1-c/instanceGroups/gke-wordpress-default-pool-9934c657-grp"
                ],
                "management": [
                  {
                    "auto_repair": true,
                    "auto_upgrade": true
                  }
                ],
                "max_pods_per_node": 0,
                "name": "default-pool",
                "name_prefix": "",
                "network_config": [
                  {
                    "create_pod_range": false,
                    "enable_private_nodes": false,
                    "pod_ipv4_cidr_block": "",
                    "pod_range": ""
                  }
                ],
                "node_config": [
                  {
                    "boot_disk_kms_key": "",
                    "disk_size_gb": 10,
                    "disk_type": "pd-balanced",
                    "gcfs_config": [],
                    "guest_accelerator": [],
                    "gvnic": [],
                    "image_type": "COS_CONTAINERD",
                    "kubelet_config": [],
                    "labels": {},
                    "linux_node_config": [],
                    "local_ssd_count": 0,
                    "logging_variant": "DEFAULT",
                    "machine_type": "n1-standard-1",
                    "metadata": {
                      "disable-legacy-endpoints": "true"
                    },
                    "min_cpu_platform": "",
                    "node_group": "",
                    "oauth_scopes": [
                      "https://www.googleapis.com/auth/cloud-platform"
                    ],
                    "preemptible": false,
                    "reservation_affinity": [],
                    "resource_labels": {},
                    "service_account": "default",
                    "shielded_instance_config": [
                      {
                        "enable_integrity_monitoring": true,
                        "enable_secure_boot": false
                      }
                    ],
                    "spot": false,
                    "tags": [],
                    "taint": [],
                    "workload_metadata_config": []
                  }
                ],
                "node_count": 2,
                "node_locations": [
                  "us-central1-a",
                  "us-central1-c",
                  "us-central1-f"
                ],
                "placement_policy": [],
                "upgrade_settings": [
                  {
                    "blue_green_settings": [],
                    "max_surge": 1,
                    "max_unavailable": 0,
                    "strategy": "SURGE"
                  }
                ],
                "version": "1.24.9-gke.2000"
              }
            ],
            "node_pool_defaults": [
              {
                "node_config_defaults": [
                  {
                    "logging_variant": "DEFAULT"
                  }
                ]
              }
            ],
            "node_version": "1.24.9-gke.2000",
            "notification_config": [
              {
                "pubsub": [
                  {
                    "enabled": false,
                    "filter": [],
                    "topic": ""
                  }
                ]
              }
            ],
            "operation": null,
            "private_cluster_config": [
              {
                "enable_private_endpoint": false,
                "enable_private_nodes": false,
                "master_global_access_config": [
                  {
                    "enabled": false
                  }
                ],
                "master_ipv4_cidr_block": "",
                "peering_name": "",
                "private_endpoint": "10.0.1.2",
                "private_endpoint_subnetwork": "",
                "public_endpoint": "35.193.111.243"
              }
            ],
            "private_ipv6_google_access": "",
            "project": "wideops-challlenge-dev",
            "release_channel": [
              {
                "channel": "REGULAR"
              }
            ],
            "remove_default_node_pool": null,
            "resource_labels": {},
            "resource_usage_export_config": [],
            "self_link": "https://container.googleapis.com/v1/projects/wideops-challlenge-dev/locations/us-central1/clusters/wordpress",
            "service_external_ips_config": [
              {
                "enabled": false
              }
            ],
            "services_ipv4_cidr": "10.227.240.0/20",
            "subnetwork": "projects/wideops-challlenge-dev/regions/us-central1/subnetworks/my-vpc-subnet",
            "timeouts": null,
            "tpu_ipv4_cidr_block": "",
            "vertical_pod_autoscaling": [],
            "workload_identity_config": []
          },
          "sensitive_attributes": [],
          "private": "eyJlMmJmYjczMC1lY2FhLTExZTYtOGY4OC0zNDM2M2JjN2M0YzAiOnsiY3JlYXRlIjoyNDAwMDAwMDAwMDAwLCJkZWxldGUiOjI0MDAwMDAwMDAwMDAsInJlYWQiOjI0MDAwMDAwMDAwMDAsInVwZGF0ZSI6MzYwMDAwMDAwMDAwMH0sInNjaGVtYV92ZXJzaW9uIjoiMSJ9",
          "dependencies": [
            "google_compute_network.vpc",
            "google_compute_subnetwork.vpc-subnet"
          ]
        }
      ]
    },
    {
      "mode": "managed",
      "type": "google_sql_database",
      "name": "wordpress",
      "provider": "provider[\"registry.terraform.io/hashicorp/google\"]",
      "instances": [
        {
          "schema_version": 0,
          "attributes": {
            "charset": "utf8mb4",
            "collation": "utf8mb4_general_ci",
            "deletion_policy": "DELETE",
            "id": "projects/wideops-challlenge-dev/instances/wordpress/databases/wordpress",
            "instance": "wordpress",
            "name": "wordpress",
            "project": "wideops-challlenge-dev",
            "self_link": "https://sqladmin.googleapis.com/sql/v1beta4/projects/wideops-challlenge-dev/instances/wordpress/databases/wordpress",
            "timeouts": null
          },
          "sensitive_attributes": [],
          "private": "eyJlMmJmYjczMC1lY2FhLTExZTYtOGY4OC0zNDM2M2JjN2M0YzAiOnsiY3JlYXRlIjoxMjAwMDAwMDAwMDAwLCJkZWxldGUiOjEyMDAwMDAwMDAwMDAsInVwZGF0ZSI6MTIwMDAwMDAwMDAwMH19",
          "dependencies": [
            "google_sql_database_instance.wordpress"
          ]
        }
      ]
    },
    {
      "mode": "managed",
      "type": "google_sql_database_instance",
      "name": "wordpress",
      "provider": "provider[\"registry.terraform.io/hashicorp/google\"]",
      "instances": [
        {
          "schema_version": 0,
          "attributes": {
            "available_maintenance_versions": [],
            "clone": [],
            "connection_name": "wideops-challlenge-dev:us-central1:wordpress",
            "database_version": "MYSQL_8_0",
            "deletion_protection": true,
            "encryption_key_name": null,
            "first_ip_address": "35.192.153.200",
            "id": "wordpress",
            "instance_type": "CLOUD_SQL_INSTANCE",
            "ip_address": [
              {
                "ip_address": "35.192.153.200",
                "time_to_retire": "",
                "type": "PRIMARY"
              }
            ],
            "maintenance_version": "MYSQL_8_0_26.R20221108.00_08",
            "master_instance_name": "",
            "name": "wordpress",
            "private_ip_address": "",
            "project": "wideops-challlenge-dev",
            "public_ip_address": "35.192.153.200",
            "region": "us-central1",
            "replica_configuration": [],
            "restore_backup_context": [],
            "root_password": null,
            "self_link": "https://sqladmin.googleapis.com/sql/v1beta4/projects/wideops-challlenge-dev/instances/wordpress",
            "server_ca_cert": [
              {
                "cert": "-----BEGIN CERTIFICATE-----\nMIIDfzCCAmegAwIBAgIBADANBgkqhkiG9w0BAQsFADB3MS0wKwYDVQQuEyRjNzk2\nN2MyOC0yZjkzLTRlODYtYWEyZS1kNDBkN2NlZWM4YmMxIzAhBgNVBAMTGkdvb2ds\nZSBDbG91ZCBTUUwgU2VydmVyIENBMRQwEgYDVQQKEwtHb29nbGUsIEluYzELMAkG\nA1UEBhMCVVMwHhcNMjMwMjI0MTkzNjQ4WhcNMzMwMjIxMTkzNzQ4WjB3MS0wKwYD\nVQQuEyRjNzk2N2MyOC0yZjkzLTRlODYtYWEyZS1kNDBkN2NlZWM4YmMxIzAhBgNV\nBAMTGkdvb2dsZSBDbG91ZCBTUUwgU2VydmVyIENBMRQwEgYDVQQKEwtHb29nbGUs\nIEluYzELMAkGA1UEBhMCVVMwggEiMA0GCSqGSIb3DQEBAQUAA4IBDwAwggEKAoIB\nAQDH4U5KQpa9VqFqpWKLvCG+7hlddZVeCOEPffksZVkD+kA5KK7cMWnop3j1TEbw\n7AXoYZ7t7LxFGJ/yXbNxnsRQBumV0Z7f69vNViJFF2/FajFhTFm1ZcYACIO/WZVH\n/up59C0ODNd1i0wVyQ6uGKobTib7NOI6Gj6i3j+8/q/xUzXpM2J1aa9YUg6K0DEl\nQnRYdeAREw97zlKVPip3UeVHMeed7dFn5jBWaA8ZErKh6Z8ArphI0B5vQLkblv5s\nCVYgCyiuoCxU6kmAHbul/VC9i4GfxFscQ5QLECKcrVV0cJUmKl4AaiGbuMZrgm18\nWQ21QfA24Xh/1wg8yCCygLsjAgMBAAGjFjAUMBIGA1UdEwEB/wQIMAYBAf8CAQAw\nDQYJKoZIhvcNAQELBQADggEBAFtCt75xv9qAIw8xK+p60lxBe/cdRTZ9Z9W9PQo2\nHIB0xZLQ0Zuf0EvzgNkI+CWHTatyMgU8HZK6lYPktDfWVDAhKdmMqpfA9+b8KKn2\nBMEjMUijyC7dg9nuWDuzqoaqCTksVZcQyf8X2iuykXCEcg7WrSM+DTXwfTfcBaDE\n6HunPPAiXY/uug2FiR/BLr+AFZMXXxLn4I/v/Ffd/DUBCtP+lbScdvf/LcoZ9py+\nfC3Ej1wE0D+nWT1UXYSoTGlFgjHUvBLZX9wsTka0tfwWQ4JWBCj4Jct6bQGVPcOU\nRP80v3uuNHVPJaIhqTzeYj/rRajzhmXnUO+3g0vbtW/BUFQ=\n-----END CERTIFICATE-----",
                "common_name": "C=US,O=Google\\, Inc,CN=Google Cloud SQL Server CA,dnQualifier=c7967c28-2f93-4e86-aa2e-d40d7ceec8bc",
                "create_time": "2023-02-24T19:36:48.878Z",
                "expiration_time": "2033-02-21T19:37:48.878Z",
                "sha1_fingerprint": "7c28a502ea171c6b249252b38a4f9ac47c7582b6"
              }
            ],
            "service_account_email_address": "p347279340102-dv0qf3@gcp-sa-cloud-sql.iam.gserviceaccount.com",
            "settings": [
              {
                "activation_policy": "ALWAYS",
                "active_directory_config": [],
                "availability_type": "ZONAL",
                "backup_configuration": [
                  {
                    "backup_retention_settings": [
                      {
                        "retained_backups": 7,
                        "retention_unit": "COUNT"
                      }
                    ],
                    "binary_log_enabled": false,
                    "enabled": false,
                    "location": "",
                    "point_in_time_recovery_enabled": false,
                    "start_time": "13:00",
                    "transaction_log_retention_days": 7
                  }
                ],
                "collation": "",
                "connector_enforcement": "NOT_REQUIRED",
                "database_flags": [],
                "deletion_protection_enabled": false,
                "deny_maintenance_period": [],
                "disk_autoresize": true,
                "disk_autoresize_limit": 0,
                "disk_size": 10,
                "disk_type": "PD_SSD",
                "insights_config": [],
                "ip_configuration": [
                  {
                    "allocated_ip_range": "",
                    "authorized_networks": [],
                    "enable_private_path_for_google_cloud_services": false,
                    "ipv4_enabled": true,
                    "private_network": "",
                    "require_ssl": false
                  }
                ],
                "location_preference": [
                  {
                    "follow_gae_application": "",
                    "secondary_zone": "",
                    "zone": "us-central1-b"
                  }
                ],
                "maintenance_window": [],
                "password_validation_policy": [],
                "pricing_plan": "PER_USE",
                "sql_server_audit_config": [],
                "tier": "db-f1-micro",
                "time_zone": "",
                "user_labels": {},
                "version": 1
              }
            ],
            "timeouts": null
          },
          "sensitive_attributes": [],
          "private": "eyJlMmJmYjczMC1lY2FhLTExZTYtOGY4OC0zNDM2M2JjN2M0YzAiOnsiY3JlYXRlIjoyNDAwMDAwMDAwMDAwLCJkZWxldGUiOjE4MDAwMDAwMDAwMDAsInVwZGF0ZSI6MTgwMDAwMDAwMDAwMH19"
        }
      ]
    },
    {
      "mode": "managed",
      "type": "kubernetes_deployment",
      "name": "wordpress",
      "provider": "provider[\"registry.terraform.io/hashicorp/kubernetes\"]",
      "instances": [
        {
          "schema_version": 1,
          "attributes": {
            "id": "default/wordpress",
            "metadata": [
              {
                "annotations": {},
                "generate_name": "",
                "generation": 1,
                "labels": {},
                "name": "wordpress",
                "namespace": "default",
                "resource_version": "119222",
                "uid": "14fe2e56-dd88-43ab-99ec-18afc070b30f"
              }
            ],
            "spec": [
              {
                "min_ready_seconds": 0,
                "paused": false,
                "progress_deadline_seconds": 600,
                "replicas": "2",
                "revision_history_limit": 10,
                "selector": [
                  {
                    "match_expressions": [],
                    "match_labels": {
                      "app": "wordpress"
                    }
                  }
                ],
                "strategy": [
                  {
                    "rolling_update": [
                      {
                        "max_surge": "25%",
                        "max_unavailable": "25%"
                      }
                    ],
                    "type": "RollingUpdate"
                  }
                ],
                "template": [
                  {
                    "metadata": [
                      {
                        "annotations": {},
                        "generate_name": "",
                        "generation": 0,
                        "labels": {
                          "app": "wordpress"
                        },
                        "name": "",
                        "namespace": "",
                        "resource_version": "",
                        "uid": ""
                      }
                    ],
                    "spec": [
                      {
                        "active_deadline_seconds": 0,
                        "affinity": [],
                        "automount_service_account_token": true,
                        "container": [
                          {
                            "args": [],
                            "command": [],
                            "env": [
                              {
                                "name": "WORDPRESS_DB_HOST",
                                "value": "wideops-challlenge-dev:us-central1:wordpress",
                                "value_from": []
                              },
                              {
                                "name": "WORDPRESS_DB_USER",
                                "value": "root",
                                "value_from": []
                              },
                              {
                                "name": "WORDPRESS_DB_PASSWORD",
                                "value": "sqlsql123",
                                "value_from": []
                              },
                              {
                                "name": "WORDPRESS_DB_NAME",
                                "value": "wordpress",
                                "value_from": []
                              }
                            ],
                            "env_from": [],
                            "image": "wordpress:latest",
                            "image_pull_policy": "Always",
                            "lifecycle": [],
                            "liveness_probe": [],
                            "name": "wordpress",
                            "port": [
                              {
                                "container_port": 80,
                                "host_ip": "",
                                "host_port": 0,
                                "name": "",
                                "protocol": "TCP"
                              }
                            ],
                            "readiness_probe": [],
                            "resources": [
                              {
                                "limits": {},
                                "requests": {}
                              }
                            ],
                            "security_context": [],
                            "startup_probe": [],
                            "stdin": false,
                            "stdin_once": false,
                            "termination_message_path": "/dev/termination-log",
                            "termination_message_policy": "File",
                            "tty": false,
                            "volume_mount": [],
                            "working_dir": ""
                          }
                        ],
                        "dns_config": [],
                        "dns_policy": "ClusterFirst",
                        "enable_service_links": true,
                        "host_aliases": [],
                        "host_ipc": false,
                        "host_network": false,
                        "host_pid": false,
                        "hostname": "",
                        "image_pull_secrets": [],
                        "init_container": [],
                        "node_name": "",
                        "node_selector": {},
                        "priority_class_name": "",
                        "readiness_gate": [],
                        "restart_policy": "Always",
                        "runtime_class_name": "",
                        "security_context": [],
                        "service_account_name": "",
                        "share_process_namespace": false,
                        "subdomain": "",
                        "termination_grace_period_seconds": 30,
                        "toleration": [],
                        "topology_spread_constraint": [],
                        "volume": []
                      }
                    ]
                  }
                ]
              }
            ],
            "timeouts": null,
            "wait_for_rollout": true
          },
          "sensitive_attributes": [],
          "private": "eyJlMmJmYjczMC1lY2FhLTExZTYtOGY4OC0zNDM2M2JjN2M0YzAiOnsiY3JlYXRlIjo2MDAwMDAwMDAwMDAsImRlbGV0ZSI6NjAwMDAwMDAwMDAwLCJ1cGRhdGUiOjYwMDAwMDAwMDAwMH0sInNjaGVtYV92ZXJzaW9uIjoiMSJ9",
          "dependencies": [
            "google_sql_database.wordpress",
            "google_sql_database_instance.wordpress"
          ]
        }
      ]
    },
    {
      "mode": "managed",
      "type": "kubernetes_service",
      "name": "wordpress",
      "provider": "provider[\"registry.terraform.io/hashicorp/kubernetes\"]",
      "instances": [
        {
          "schema_version": 1,
          "attributes": {
            "id": "default/wordpress",
            "metadata": [
              {
                "annotations": {},
                "generate_name": "",
                "generation": 0,
                "labels": {},
                "name": "wordpress",
                "namespace": "default",
                "resource_version": "119453",
                "uid": "a338e395-8e9d-4fd9-873b-752b09f3a988"
              }
            ],
            "spec": [
              {
                "allocate_load_balancer_node_ports": true,
                "cluster_ip": "10.227.241.14",
                "cluster_ips": [
                  "10.227.241.14"
                ],
                "external_ips": [],
                "external_name": "",
                "external_traffic_policy": "Cluster",
                "health_check_node_port": 0,
                "internal_traffic_policy": "Cluster",
                "ip_families": [
                  "IPv4"
                ],
                "ip_family_policy": "SingleStack",
                "load_balancer_class": "",
                "load_balancer_ip": "",
                "load_balancer_source_ranges": [],
                "port": [
                  {
                    "app_protocol": "",
                    "name": "http",
                    "node_port": 31931,
                    "port": 80,
                    "protocol": "TCP",
                    "target_port": "80"
                  }
                ],
                "publish_not_ready_addresses": false,
                "selector": {
                  "app": "wordpress"
                },
                "session_affinity": "None",
                "session_affinity_config": [],
                "type": "LoadBalancer"
              }
            ],
            "status": [
              {
                "load_balancer": [
                  {
                    "ingress": [
                      {
                        "hostname": "",
                        "ip": "104.198.132.180"
                      }
                    ]
                  }
                ]
              }
            ],
            "timeouts": null,
            "wait_for_load_balancer": true
          },
          "sensitive_attributes": [],
          "private": "eyJlMmJmYjczMC1lY2FhLTExZTYtOGY4OC0zNDM2M2JjN2M0YzAiOnsiY3JlYXRlIjo2MDAwMDAwMDAwMDB9LCJzY2hlbWFfdmVyc2lvbiI6IjEifQ=="
        }
      ]
    },
    {
      "mode": "managed",
      "type": "random_password",
      "name": "password",
      "provider": "provider[\"registry.terraform.io/hashicorp/random\"]",
      "instances": [
        {
          "schema_version": 3,
          "attributes": {
            "bcrypt_hash": "$2a$10$hLLVY7kGVa4jqfgJd6h6CuQbz9qOGNOuaW7aoHaekoqxzyNbha7a2",
            "id": "none",
            "keepers": null,
            "length": 16,
            "lower": true,
            "min_lower": 0,
            "min_numeric": 0,
            "min_special": 0,
            "min_upper": 0,
            "number": true,
            "numeric": true,
            "override_special": null,
            "result": "r:6LRxz5eYI25cFL",
            "special": true,
            "upper": true
          },
          "sensitive_attributes": []
        }
      ]
    },
    {
      "mode": "managed",
      "type": "random_string",
      "name": "username",
      "provider": "provider[\"registry.terraform.io/hashicorp/random\"]",
      "instances": [
        {
          "schema_version": 2,
          "attributes": {
            "id": "RB5OWRDj1n",
            "keepers": null,
            "length": 10,
            "lower": true,
            "min_lower": 0,
            "min_numeric": 0,
            "min_special": 0,
            "min_upper": 0,
            "number": true,
            "numeric": true,
            "override_special": null,
            "result": "RB5OWRDj1n",
            "special": false,
            "upper": true
          },
          "sensitive_attributes": []
        }
      ]
    }
  ],
  "check_results": null
}
